PODS:
  - Flutter (1.0.0)
  - flutterflappyaes (0.0.1):
    - Flutter

DEPENDENCIES:
  - Flutter (from `Flutter`)
  - flutterflappyaes (from `.symlinks/plugins/flutterflappyaes/ios`)

EXTERNAL SOURCES:
  Flutter:
    :path: Flutter
  flutterflappyaes:
    :path: ".symlinks/plugins/flutterflappyaes/ios"

SPEC CHECKSUMS:
  Flutter: 50d75fe2f02b26cc09d224853bb45737f8b3214a
  flutterflappyaes: 335a4fb99934ee6aedc9b84dfa71b3c396e2a239

PODFILE CHECKSUM: 8e679eca47255a8ca8067c4c67aab20e64cb974d

COCOAPODS: 1.11.2
